// !$*UTF8*$!
{
	archiveVersion = 1;
	classes = {
	};
	objectVersion = 50;
	objects = {

/* Begin PBXBuildFile section */
		1638223A21E7B1F70008C8BB /* AppDelegate.swift in Sources */ = {isa = PBXBuildFile; fileRef = 1638223921E7B1F70008C8BB /* AppDelegate.swift */; };
		1638223C21E7B1F70008C8BB /* shopXvC.swift in Sources */ = {isa = PBXBuildFile; fileRef = 1638223B21E7B1F70008C8BB /* shopXvC.swift */; };
		1638223F21E7B1F70008C8BB /* Main.storyboard in Resources */ = {isa = PBXBuildFile; fileRef = 1638223D21E7B1F70008C8BB /* Main.storyboard */; };
		1638224121E7B1FA0008C8BB /* Assets.xcassets in Resources */ = {isa = PBXBuildFile; fileRef = 1638224021E7B1FA0008C8BB /* Assets.xcassets */; };
		1638224421E7B1FA0008C8BB /* LaunchScreen.storyboard in Resources */ = {isa = PBXBuildFile; fileRef = 1638224221E7B1FA0008C8BB /* LaunchScreen.storyboard */; };
		1638224C21E7B2870008C8BB /* json.txt in Resources */ = {isa = PBXBuildFile; fileRef = 1638224B21E7B2870008C8BB /* json.txt */; };
		1638225021E7E96B0008C8BB /* retrievedData.swift in Sources */ = {isa = PBXBuildFile; fileRef = 1638224F21E7E96B0008C8BB /* retrievedData.swift */; };
		1638225721E7F5BB0008C8BB /* TableViewCell.swift in Sources */ = {isa = PBXBuildFile; fileRef = 1638225521E7F5BB0008C8BB /* TableViewCell.swift */; };
		1638225821E7F5BB0008C8BB /* TableViewCell.xib in Resources */ = {isa = PBXBuildFile; fileRef = 1638225621E7F5BB0008C8BB /* TableViewCell.xib */; };
		1674D15C21E8CFC400F8C026 /* customImage.swift in Sources */ = {isa = PBXBuildFile; fileRef = 1674D15B21E8CFC400F8C026 /* customImage.swift */; };
/* End PBXBuildFile section */

/* Begin PBXFileReference section */
		1638223621E7B1F70008C8BB /* task.app */ = {isa = PBXFileReference; explicitFileType = wrapper.application; includeInIndex = 0; path = task.app; sourceTree = BUILT_PRODUCTS_DIR; };
		1638223921E7B1F70008C8BB /* AppDelegate.swift */ = {isa = PBXFileReference; lastKnownFileType = sourcecode.swift; path = AppDelegate.swift; sourceTree = "<group>"; };
		1638223B21E7B1F70008C8BB /* shopXvC.swift */ = {isa = PBXFileReference; lastKnownFileType = sourcecode.swift; path = shopXvC.swift; sourceTree = "<group>"; };
		1638223E21E7B1F70008C8BB /* Base */ = {isa = PBXFileReference; lastKnownFileType = file.storyboard; name = Base; path = Base.lproj/Main.storyboard; sourceTree = "<group>"; };
		1638224021E7B1FA0008C8BB /* Assets.xcassets */ = {isa = PBXFileReference; lastKnownFileType = folder.assetcatalog; path = Assets.xcassets; sourceTree = "<group>"; };
		1638224321E7B1FA0008C8BB /* Base */ = {isa = PBXFileReference; lastKnownFileType = file.storyboard; name = Base; path = Base.lproj/LaunchScreen.storyboard; sourceTree = "<group>"; };
		1638224521E7B1FA0008C8BB /* Info.plist */ = {isa = PBXFileReference; lastKnownFileType = text.plist.xml; path = Info.plist; sourceTree = "<group>"; };
		1638224B21E7B2870008C8BB /* json.txt */ = {isa = PBXFileReference; fileEncoding = 4; lastKnownFileType = text; path = json.txt; sourceTree = "<group>"; };
		1638224F21E7E96B0008C8BB /* retrievedData.swift */ = {isa = PBXFileReference; lastKnownFileType = sourcecode.swift; path = retrievedData.swift; sourceTree = "<group>"; };
		1638225521E7F5BB0008C8BB /* TableViewCell.swift */ = {isa = PBXFileReference; lastKnownFileType = sourcecode.swift; path = TableViewCell.swift; sourceTree = "<group>"; };
		1638225621E7F5BB0008C8BB /* TableViewCell.xib */ = {isa = PBXFileReference; lastKnownFileType = file.xib; path = TableViewCell.xib; sourceTree = "<group>"; };
		1674D15B21E8CFC400F8C026 /* customImage.swift */ = {isa = PBXFileReference; lastKnownFileType = sourcecode.swift; path = customImage.swift; sourceTree = "<group>"; };
/* End PBXFileReference section */

/* Begin PBXFrameworksBuildPhase section */
		1638223321E7B1F70008C8BB /* Frameworks */ = {
			isa = PBXFrameworksBuildPhase;
			buildActionMask = 2147483647;
			files = (
			);
			runOnlyForDeploymentPostprocessing = 0;
		};
/* End PBXFrameworksBuildPhase section */

/* Begin PBXGroup section */
		1638222D21E7B1F70008C8BB = {
			isa = PBXGroup;
			children = (
				1638223821E7B1F70008C8BB /* task */,
				1638223721E7B1F70008C8BB /* Products */,
			);
			sourceTree = "<group>";
		};
		1638223721E7B1F70008C8BB /* Products */ = {
			isa = PBXGroup;
			children = (
				1638223621E7B1F70008C8BB /* task.app */,
			);
			name = Products;
			sourceTree = "<group>";
		};
		1638223821E7B1F70008C8BB /* task */ = {
			isa = PBXGroup;
			children = (
				1638224021E7B1FA0008C8BB /* Assets.xcassets */,
				1638224521E7B1FA0008C8BB /* Info.plist */,
				1674D16421E8D62B00F8C026 /* General */,
				1674D16321E8D61A00F8C026 /* Extra */,
				1674D16221E8D60300F8C026 /* Model */,
				1674D15E21E8D56800F8C026 /* View */,
				1674D15D21E8D50300F8C026 /* Controller */,
			);
			path = task;
			sourceTree = "<group>";
		};
		1674D15D21E8D50300F8C026 /* Controller */ = {
			isa = PBXGroup;
			children = (
				1638223B21E7B1F70008C8BB /* shopXvC.swift */,
			);
			path = Controller;
			sourceTree = "<group>";
		};
		1674D15E21E8D56800F8C026 /* View */ = {
			isa = PBXGroup;
			children = (
				1674D16121E8D5EF00F8C026 /* Custom */,
				1674D16021E8D58300F8C026 /* cell */,
				1674D15F21E8D58000F8C026 /* main */,
			);
			path = View;
			sourceTree = "<group>";
		};
		1674D15F21E8D58000F8C026 /* main */ = {
			isa = PBXGroup;
			children = (
				1638224221E7B1FA0008C8BB /* LaunchScreen.storyboard */,
				1638223D21E7B1F70008C8BB /* Main.storyboard */,
			);
			path = main;
			sourceTree = "<group>";
		};
		1674D16021E8D58300F8C026 /* cell */ = {
			isa = PBXGroup;
			children = (
				1638225621E7F5BB0008C8BB /* TableViewCell.xib */,
				1638225521E7F5BB0008C8BB /* TableViewCell.swift */,
			);
			path = cell;
			sourceTree = "<group>";
		};
		1674D16121E8D5EF00F8C026 /* Custom */ = {
			isa = PBXGroup;
			children = (
				1674D15B21E8CFC400F8C026 /* customImage.swift */,
			);
			path = Custom;
			sourceTree = "<group>";
		};
		1674D16221E8D60300F8C026 /* Model */ = {
			isa = PBXGroup;
			children = (
				1638224F21E7E96B0008C8BB /* retrievedData.swift */,
			);
			path = Model;
			sourceTree = "<group>";
		};
		1674D16321E8D61A00F8C026 /* Extra */ = {
			isa = PBXGroup;
			children = (
				1638224B21E7B2870008C8BB /* json.txt */,
			);
			path = Extra;
			sourceTree = "<group>";
		};
		1674D16421E8D62B00F8C026 /* General */ = {
			isa = PBXGroup;
			children = (
				1638223921E7B1F70008C8BB /* AppDelegate.swift */,
			);
			path = General;
			sourceTree = "<group>";
		};
/* End PBXGroup section */

/* Begin PBXNativeTarget section */
		1638223521E7B1F70008C8BB /* task */ = {
			isa = PBXNativeTarget;
			buildConfigurationList = 1638224821E7B1FA0008C8BB /* Build configuration list for PBXNativeTarget "task" */;
			buildPhases = (
				1638223221E7B1F70008C8BB /* Sources */,
				1638223321E7B1F70008C8BB /* Frameworks */,
				1638223421E7B1F70008C8BB /* Resources */,
			);
			buildRules = (
			);
			dependencies = (
			);
			name = task;
			productName = task;
			productReference = 1638223621E7B1F70008C8BB /* task.app */;
			productType = "com.apple.product-type.application";
		};
/* End PBXNativeTarget section */

/* Begin PBXProject section */
		1638222E21E7B1F70008C8BB /* Project object */ = {
			isa = PBXProject;
			attributes = {
				LastSwiftUpdateCheck = 1010;
				LastUpgradeCheck = 1010;
				ORGANIZATIONNAME = "Mostafa Diaa";
				TargetAttributes = {
					1638223521E7B1F70008C8BB = {
						CreatedOnToolsVersion = 10.1;
					};
				};
			};
			buildConfigurationList = 1638223121E7B1F70008C8BB /* Build configuration list for PBXProject "task" */;
			compatibilityVersion = "Xcode 9.3";
			developmentRegion = en;
			hasScannedForEncodings = 0;
			knownRegions = (
				en,
				Base,
			);
			mainGroup = 1638222D21E7B1F70008C8BB;
			productRefGroup = 1638223721E7B1F70008C8BB /* Products */;
			projectDirPath = "";
			projectRoot = "";
			targets = (
				1638223521E7B1F70008C8BB /* task */,
			);
		};
/* End PBXProject section */

/* Begin PBXResourcesBuildPhase section */
		1638223421E7B1F70008C8BB /* Resources */ = {
			isa = PBXResourcesBuildPhase;
			buildActionMask = 2147483647;
			files = (
				1638224C21E7B2870008C8BB /* json.txt in Resources */,
				1638225821E7F5BB0008C8BB /* TableViewCell.xib in Resources */,
				1638224421E7B1FA0008C8BB /* LaunchScreen.storyboard in Resources */,
				1638224121E7B1FA0008C8BB /* Assets.xcassets in Resources */,
				1638223F21E7B1F70008C8BB /* Main.storyboard in Resources */,
			);
			runOnlyForDeploymentPostprocessing = 0;
		};
/* End PBXResourcesBuildPhase section */

/* Begin PBXSourcesBuildPhase section */
		1638223221E7B1F70008C8BB /* Sources */ = {
			isa = PBXSourcesBuildPhase;
			buildActionMask = 2147483647;
			files = (
				1638225721E7F5BB0008C8BB /* TableViewCell.swift in Sources */,
				1674D15C21E8CFC400F8C026 /* customImage.swift in Sources */,
				1638223C21E7B1F70008C8BB /* shopXvC.swift in Sources */,
				1638225021E7E96B0008C8BB /* retrievedData.swift in Sources */,
				1638223A21E7B1F70008C8BB /* AppDelegate.swift in Sources */,
			);
			runOnlyForDeploymentPostprocessing = 0;
		};
/* End PBXSourcesBuildPhase section */

/* Begin PBXVariantGroup section */
		1638223D21E7B1F70008C8BB /* Main.storyboard */ = {
			isa = PBXVariantGroup;
			children = (
				1638223E21E7B1F70008C8BB /* Base */,
			);
			name = Main.storyboard;
			sourceTree = "<group>";
		};
		1638224221E7B1FA0008C8BB /* LaunchScreen.storyboard */ = {
			isa = PBXVariantGroup;
			children = (
				1638224321E7B1FA0008C8BB /* Base */,
			);
			name = LaunchScreen.storyboard;
			sourceTree = "<group>";
		};
/* End PBXVariantGroup section */

/* Begin XCBuildConfiguration section */
		1638224621E7B1FA0008C8BB /* Debug */ = {
			isa = XCBuildConfiguration;
			buildSettings = {
				ALWAYS_SEARCH_USER_PATHS = NO;
				CLANG_ANALYZER_NONNULL = YES;
				CLANG_ANALYZER_NUMBER_OBJECT_CONVERSION = YES_AGGRESSIVE;
				CLANG_CXX_LANGUAGE_STANDARD = "gnu++14";
				CLANG_CXX_LIBRARY = "libc++";
				CLANG_ENABLE_MODULES = YES;
				CLANG_ENABLE_OBJC_ARC = YES;
				CLANG_ENABLE_OBJC_WEAK = YES;
				CLANG_WARN_BLOCK_CAPTURE_AUTORELEASING = YES;
				CLANG_WARN_BOOL_CONVERSION = YES;
				CLANG_WARN_COMMA = YES;
				CLANG_WARN_CONSTANT_CONVERSION = YES;
				CLANG_WARN_DEPRECATED_OBJC_IMPLEMENTATIONS = YES;
				CLANG_WARN_DIRECT_OBJC_ISA_USAGE = YES_ERROR;
				CLANG_WARN_DOCUMENTATION_COMMENTS = YES;
				CLANG_WARN_EMPTY_BODY = YES;
				CLANG_WARN_ENUM_CONVERSION = YES;
				CLANG_WARN_INFINITE_RECURSION = YES;
				CLANG_WARN_INT_CONVERSION = YES;
				CLANG_WARN_NON_LITERAL_NULL_CONVERSION = YES;
				CLANG_WARN_OBJC_IMPLICIT_RETAIN_SELF = YES;
				CLANG_WARN_OBJC_LITERAL_CONVERSION = YES;
				CLANG_WARN_OBJC_ROOT_CLASS = YES_ERROR;
				CLANG_WARN_RANGE_LOOP_ANALYSIS = YES;
				CLANG_WARN_STRICT_PROTOTYPES = YES;
				CLANG_WARN_SUSPICIOUS_MOVE = YES;
				CLANG_WARN_UNGUARDED_AVAILABILITY = YES_AGGRESSIVE;
				CLANG_WARN_UNREACHABLE_CODE = YES;
				CLANG_WARN__DUPLICATE_METHOD_MATCH = YES;
				CODE_SIGN_IDENTITY = "iPhone Developer";
				COPY_PHASE_STRIP = NO;
				DEBUG_INFORMATION_FORMAT = dwarf;
				ENABLE_STRICT_OBJC_MSGSEND = YES;
				ENABLE_TESTABILITY = YES;
				GCC_C_LANGUAGE_STANDARD = gnu11;
				GCC_DYNAMIC_NO_PIC = NO;
				GCC_NO_COMMON_BLOCKS = YES;
				GCC_OPTIMIZATION_LEVEL = 0;
				GCC_PREPROCESSOR_DEFINITIONS = (
					"DEBUG=1",
					"$(inherited)",
				);
				GCC_WARN_64_TO_32_BIT_CONVERSION = YES;
				GCC_WARN_ABOUT_RETURN_TYPE = YES_ERROR;
				GCC_WARN_UNDECLARED_SELECTOR = YES;
				GCC_WARN_UNINITIALIZED_AUTOS = YES_AGGRESSIVE;
				GCC_WARN_UNUSED_FUNCTION = YES;
				GCC_WARN_UNUSED_VARIABLE = YES;
				IPHONEOS_DEPLOYMENT_TARGET = 12.1;
				MTL_ENABLE_DEBUG_INFO = INCLUDE_SOURCE;
				MTL_FAST_MATH = YES;
				ONLY_ACTIVE_ARCH = YES;
				SDKROOT = iphoneos;
				SWIFT_ACTIVE_COMPILATION_CONDITIONS = DEBUG;
				SWIFT_OPTIMIZATION_LEVEL = "-Onone";
			};
			name = Debug;
		};
		1638224721E7B1FA0008C8BB /* Release */ = {
			isa = XCBuildConfiguration;
			buildSettings = {
				ALWAYS_SEARCH_USER_PATHS = NO;
				CLANG_ANALYZER_NONNULL = YES;
				CLANG_ANALYZER_NUMBER_OBJECT_CONVERSION = YES_AGGRESSIVE;
				CLANG_CXX_LANGUAGE_STANDARD = "gnu++14";
				CLANG_CXX_LIBRARY = "libc++";
				CLANG_ENABLE_MODULES = YES;
				CLANG_ENABLE_OBJC_ARC = YES;
				CLANG_ENABLE_OBJC_WEAK = YES;
				CLANG_WARN_BLOCK_CAPTURE_AUTORELEASING = YES;
				CLANG_WARN_BOOL_CONVERSION = YES;
				CLANG_WARN_COMMA = YES;
				CLANG_WARN_CONSTANT_CONVERSION = YES;
				CLANG_WARN_DEPRECATED_OBJC_IMPLEMENTATIONS = YES;
				CLANG_WARN_DIRECT_OBJC_ISA_USAGE = YES_ERROR;
				CLANG_WARN_DOCUMENTATION_COMMENTS = YES;
				CLANG_WARN_EMPTY_BODY = YES;
				CLANG_WARN_ENUM_CONVERSION = YES;
				CLANG_WARN_INFINITE_RECURSION = YES;
				CLANG_WARN_INT_CONVERSION = YES;
				CLANG_WARN_NON_LITERAL_NULL_CONVERSION = YES;
				CLANG_WARN_OBJC_IMPLICIT_RETAIN_SELF = YES;
				CLANG_WARN_OBJC_LITERAL_CONVERSION = YES;
				CLANG_WARN_OBJC_ROOT_CLASS = YES_ERROR;
				CLANG_WARN_RANGE_LOOP_ANALYSIS = YES;
				CLANG_WARN_STRICT_PROTOTYPES = YES;
				CLANG_WARN_SUSPICIOUS_MOVE = YES;
				CLANG_WARN_UNGUARDED_AVAILABILITY = YES_AGGRESSIVE;
				CLANG_WARN_UNREACHABLE_CODE = YES;
				CLANG_WARN__DUPLICATE_METHOD_MATCH = YES;
				CODE_SIGN_IDENTITY = "iPhone Developer";
				COPY_PHASE_STRIP = NO;
				DEBUG_INFORMATION_FORMAT = "dwarf-with-dsym";
				ENABLE_NS_ASSERTIONS = NO;
				ENABLE_STRICT_OBJC_MSGSEND = YES;
				GCC_C_LANGUAGE_STANDARD = gnu11;
				GCC_NO_COMMON_BLOCKS = YES;
				GCC_WARN_64_TO_32_BIT_CONVERSION = YES;
				GCC_WARN_ABOUT_RETURN_TYPE = YES_ERROR;
				GCC_WARN_UNDECLARED_SELECTOR = YES;
				GCC_WARN_UNINITIALIZED_AUTOS = YES_AGGRESSIVE;
				GCC_WARN_UNUSED_FUNCTION = YES;
				GCC_WARN_UNUSED_VARIABLE = YES;
				IPHONEOS_DEPLOYMENT_TARGET = 12.1;
				MTL_ENABLE_DEBUG_INFO = NO;
				MTL_FAST_MATH = YES;
				SDKROOT = iphoneos;
				SWIFT_COMPILATION_MODE = wholemodule;
				SWIFT_OPTIMIZATION_LEVEL = "-O";
				VALIDATE_PRODUCT = YES;
			};
			name = Release;
		};
		1638224921E7B1FA0008C8BB /* Debug */ = {
			isa = XCBuildConfiguration;
			buildSettings = {
				ASSETCATALOG_COMPILER_APPICON_NAME = AppIcon;
				CODE_SIGN_STYLE = Automatic;
				DEVELOPMENT_TEAM = E3VVAY6TYA;
				INFOPLIST_FILE = task/Info.plist;
				LD_RUNPATH_SEARCH_PATHS = (
					"$(inherited)",
					"@executable_path/Frameworks",
				);
				PRODUCT_BUNDLE_IDENTIFIER = Diaa.sad8.task;
				PRODUCT_NAME = "$(TARGET_NAME)";
				SWIFT_VERSION = 4.2;
				TARGETED_DEVICE_FAMILY = 1;
			};
			name = Debug;
		};
		1638224A21E7B1FA0008C8BB /* Release */ = {
			isa = XCBuildConfiguration;
			buildSettings = {
				ASSETCATALOG_COMPILER_APPICON_NAME = AppIcon;
				CODE_SIGN_STYLE = Automatic;
				DEVELOPMENT_TEAM = E3VVAY6TYA;
				INFOPLIST_FILE = task/Info.plist;
				LD_RUNPATH_SEARCH_PATHS = (
					"$(inherited)",
					"@executable_path/Frameworks",
				);
				PRODUCT_BUNDLE_IDENTIFIER = Diaa.sad8.task;
				PRODUCT_NAME = "$(TARGET_NAME)";
				SWIFT_VERSION = 4.2;
				TARGETED_DEVICE_FAMILY = 1;
			};
			name = Release;
		};
/* End XCBuildConfiguration section */

/* Begin XCConfigurationList section */
		1638223121E7B1F70008C8BB /* Build configuration list for PBXProject "task" */ = {
			isa = XCConfigurationList;
			buildConfigurations = (
				1638224621E7B1FA0008C8BB /* Debug */,
				1638224721E7B1FA0008C8BB /* Release */,
			);
			defaultConfigurationIsVisible = 0;
			defaultConfigurationName = Release;
		};
		1638224821E7B1FA0008C8BB /* Build configuration list for PBXNativeTarget "task" */ = {
			isa = XCConfigurationList;
			buildConfigurations = (
				1638224921E7B1FA0008C8BB /* Debug */,
				1638224A21E7B1FA0008C8BB /* Release */,
			);
			defaultConfigurationIsVisible = 0;
			defaultConfigurationName = Release;
		};
/* End XCConfigurationList section */
	};
	rootObject = 1638222E21E7B1F70008C8BB /* Project object */;
}
